// !$*UTF8*$!
{
	archiveVersion = 1;
	classes = {
	};
	objectVersion = 46;
	objects = {

/* Begin PBXBuildFile section */
		B9D15B651E6FA34200740848 /* Sequence.h in Sources */ = {isa = PBXBuildFile; fileRef = B9D15B641E6FA34200740848 /* Sequence.h */; };
		B9D15B6C1E6FAD3A00740848 /* list.cpp in Sources */ = {isa = PBXBuildFile; fileRef = B9D15B6B1E6FAD3A00740848 /* list.cpp */; };
		B9D15B6E1E6FBEA200740848 /* sorts.cpp in Sources */ = {isa = PBXBuildFile; fileRef = B9D15B6D1E6FBEA200740848 /* sorts.cpp */; };
		B9D15B701E6FC4A400740848 /* main.cpp in Sources */ = {isa = PBXBuildFile; fileRef = B9D15B6F1E6FC4A400740848 /* main.cpp */; };
/* End PBXBuildFile section */

/* Begin PBXCopyFilesBuildPhase section */
		B9D15B5F1E6FA34200740848 /* CopyFiles */ = {
			isa = PBXCopyFilesBuildPhase;
			buildActionMask = 2147483647;
			dstPath = /usr/share/man/man1/;
			dstSubfolderSpec = 0;
			files = (
			);
			runOnlyForDeploymentPostprocessing = 1;
		};
/* End PBXCopyFilesBuildPhase section */

/* Begin PBXFileReference section */
		B9D15B611E6FA34200740848 /* Homework 4 */ = {isa = PBXFileReference; explicitFileType = "compiled.mach-o.executable"; includeInIndex = 0; path = "Homework 4"; sourceTree = BUILT_PRODUCTS_DIR; };
		B9D15B641E6FA34200740848 /* Sequence.h */ = {isa = PBXFileReference; lastKnownFileType = sourcecode.c.h; path = Sequence.h; sourceTree = "<group>"; };
		B9D15B6B1E6FAD3A00740848 /* list.cpp */ = {isa = PBXFileReference; fileEncoding = 4; lastKnownFileType = sourcecode.cpp.cpp; path = list.cpp; sourceTree = "<group>"; };
		B9D15B6D1E6FBEA200740848 /* sorts.cpp */ = {isa = PBXFileReference; fileEncoding = 4; lastKnownFileType = sourcecode.cpp.cpp; path = sorts.cpp; sourceTree = "<group>"; };
		B9D15B6F1E6FC4A400740848 /* main.cpp */ = {isa = PBXFileReference; fileEncoding = 4; lastKnownFileType = sourcecode.cpp.cpp; path = main.cpp; sourceTree = "<group>"; };
/* End PBXFileReference section */

/* Begin PBXFrameworksBuildPhase section */
		B9D15B5E1E6FA34200740848 /* Frameworks */ = {
			isa = PBXFrameworksBuildPhase;
			buildActionMask = 2147483647;
			files = (
			);
			runOnlyForDeploymentPostprocessing = 0;
		};
/* End PBXFrameworksBuildPhase section */

/* Begin PBXGroup section */
		B9D15B581E6FA34200740848 = {
			isa = PBXGroup;
			children = (
				B9D15B631E6FA34200740848 /* Homework 4 */,
				B9D15B621E6FA34200740848 /* Products */,
			);
			sourceTree = "<group>";
		};
		B9D15B621E6FA34200740848 /* Products */ = {
			isa = PBXGroup;
			children = (
				B9D15B611E6FA34200740848 /* Homework 4 */,
			);
			name = Products;
			sourceTree = "<group>";
		};
		B9D15B631E6FA34200740848 /* Homework 4 */ = {
			isa = PBXGroup;
			children = (
				B9D15B641E6FA34200740848 /* Sequence.h */,
				B9D15B6B1E6FAD3A00740848 /* list.cpp */,
				B9D15B6D1E6FBEA200740848 /* sorts.cpp */,
				B9D15B6F1E6FC4A400740848 /* main.cpp */,
			);
			path = "Homework 4";
			sourceTree = "<group>";
		};
/* End PBXGroup section */

/* Begin PBXNativeTarget section */
		B9D15B601E6FA34200740848 /* Homework 4 */ = {
			isa = PBXNativeTarget;
			buildConfigurationList = B9D15B681E6FA34200740848 /* Build configuration list for PBXNativeTarget "Homework 4" */;
			buildPhases = (
				B9D15B5D1E6FA34200740848 /* Sources */,
				B9D15B5E1E6FA34200740848 /* Frameworks */,
				B9D15B5F1E6FA34200740848 /* CopyFiles */,
			);
			buildRules = (
			);
			dependencies = (
			);
			name = "Homework 4";
			productName = "Homework 4";
			productReference = B9D15B611E6FA34200740848 /* Homework 4 */;
			productType = "com.apple.product-type.tool";
		};
/* End PBXNativeTarget section */

/* Begin PBXProject section */
		B9D15B591E6FA34200740848 /* Project object */ = {
			isa = PBXProject;
			attributes = {
				LastUpgradeCheck = 0800;
				ORGANIZATIONNAME = "Andrew Musk";
				TargetAttributes = {
					B9D15B601E6FA34200740848 = {
						CreatedOnToolsVersion = 8.0;
						ProvisioningStyle = Automatic;
					};
				};
			};
			buildConfigurationList = B9D15B5C1E6FA34200740848 /* Build configuration list for PBXProject "Homework 4" */;
			compatibilityVersion = "Xcode 3.2";
			developmentRegion = English;
			hasScannedForEncodings = 0;
			knownRegions = (
				en,
			);
			mainGroup = B9D15B581E6FA34200740848;
			productRefGroup = B9D15B621E6FA34200740848 /* Products */;
			projectDirPath = "";
			projectRoot = "";
			targets = (
				B9D15B601E6FA34200740848 /* Homework 4 */,
			);
		};
/* End PBXProject section */

/* Begin PBXSourcesBuildPhase section */
		B9D15B5D1E6FA34200740848 /* Sources */ = {
			isa = PBXSourcesBuildPhase;
			buildActionMask = 2147483647;
			files = (
				B9D15B651E6FA34200740848 /* Sequence.h in Sources */,
				B9D15B6E1E6FBEA200740848 /* sorts.cpp in Sources */,
				B9D15B701E6FC4A400740848 /* main.cpp in Sources */,
				B9D15B6C1E6FAD3A00740848 /* list.cpp in Sources */,
			);
			runOnlyForDeploymentPostprocessing = 0;
		};
/* End PBXSourcesBuildPhase section */

/* Begin XCBuildConfiguration section */
		B9D15B661E6FA34200740848 /* Debug */ = {
			isa = XCBuildConfiguration;
			buildSettings = {
				ALWAYS_SEARCH_USER_PATHS = NO;
				CLANG_ANALYZER_NONNULL = YES;
				CLANG_CXX_LANGUAGE_STANDARD = "gnu++0x";
				CLANG_CXX_LIBRARY = "libc++";
				CLANG_ENABLE_MODULES = YES;
				CLANG_ENABLE_OBJC_ARC = YES;
				CLANG_WARN_BOOL_CONVERSION = YES;
				CLANG_WARN_CONSTANT_CONVERSION = YES;
				CLANG_WARN_DIRECT_OBJC_ISA_USAGE = YES_ERROR;
				CLANG_WARN_DOCUMENTATION_COMMENTS = YES;
				CLANG_WARN_EMPTY_BODY = YES;
				CLANG_WARN_ENUM_CONVERSION = YES;
				CLANG_WARN_INFINITE_RECURSION = YES;
				CLANG_WARN_INT_CONVERSION = YES;
				CLANG_WARN_OBJC_ROOT_CLASS = YES_ERROR;
				CLANG_WARN_SUSPICIOUS_MOVES = YES;
				CLANG_WARN_UNREACHABLE_CODE = YES;
				CLANG_WARN__DUPLICATE_METHOD_MATCH = YES;
				CODE_SIGN_IDENTITY = "-";
				COPY_PHASE_STRIP = NO;
				DEBUG_INFORMATION_FORMAT = dwarf;
				ENABLE_STRICT_OBJC_MSGSEND = YES;
				ENABLE_TESTABILITY = YES;
				GCC_C_LANGUAGE_STANDARD = gnu99;
				GCC_DYNAMIC_NO_PIC = NO;
				GCC_NO_COMMON_BLOCKS = YES;
				GCC_OPTIMIZATION_LEVEL = 0;
				GCC_PREPROCESSOR_DEFINITIONS = (
					"DEBUG=1",
					"$(inherited)",
				);
				GCC_WARN_64_TO_32_BIT_CONVERSION = YES;
				GCC_WARN_ABOUT_RETURN_TYPE = YES_ERROR;
				GCC_WARN_UNDECLARED_SELECTOR = YES;
				GCC_WARN_UNINITIALIZED_AUTOS = YES_AGGRESSIVE;
				GCC_WARN_UNUSED_FUNCTION = YES;
				GCC_WARN_UNUSED_VARIABLE = YES;
				MACOSX_DEPLOYMENT_TARGET = 10.11;
				MTL_ENABLE_DEBUG_INFO = YES;
				ONLY_ACTIVE_ARCH = YES;
				SDKROOT = macosx;
			};
			name = Debug;
		};
		B9D15B671E6FA34200740848 /* Release */ = {
			isa = XCBuildConfiguration;
			buildSettings = {
				ALWAYS_SEARCH_USER_PATHS = NO;
				CLANG_ANALYZER_NONNULL = YES;
				CLANG_CXX_LANGUAGE_STANDARD = "gnu++0x";
				CLANG_CXX_LIBRARY = "libc++";
				CLANG_ENABLE_MODULES = YES;
				CLANG_ENABLE_OBJC_ARC = YES;
				CLANG_WARN_BOOL_CONVERSION = YES;
				CLANG_WARN_CONSTANT_CONVERSION = YES;
				CLANG_WARN_DIRECT_OBJC_ISA_USAGE = YES_ERROR;
				CLANG_WARN_DOCUMENTATION_COMMENTS = YES;
				CLANG_WARN_EMPTY_BODY = YES;
				CLANG_WARN_ENUM_CONVERSION = YES;
				CLANG_WARN_INFINITE_RECURSION = YES;
				CLANG_WARN_INT_CONVERSION = YES;
				CLANG_WARN_OBJC_ROOT_CLASS = YES_ERROR;
				CLANG_WARN_SUSPICIOUS_MOVES = YES;
				CLANG_WARN_UNREACHABLE_CODE = YES;
				CLANG_WARN__DUPLICATE_METHOD_MATCH = YES;
				CODE_SIGN_IDENTITY = "-";
				COPY_PHASE_STRIP = NO;
				DEBUG_INFORMATION_FORMAT = "dwarf-with-dsym";
				ENABLE_NS_ASSERTIONS = NO;
				ENABLE_STRICT_OBJC_MSGSEND = YES;
				GCC_C_LANGUAGE_STANDARD = gnu99;
				GCC_NO_COMMON_BLOCKS = YES;
				GCC_WARN_64_TO_32_BIT_CONVERSION = YES;
				GCC_WARN_ABOUT_RETURN_TYPE = YES_ERROR;
				GCC_WARN_UNDECLARED_SELECTOR = YES;
				GCC_WARN_UNINITIALIZED_AUTOS = YES_AGGRESSIVE;
				GCC_WARN_UNUSED_FUNCTION = YES;
				GCC_WARN_UNUSED_VARIABLE = YES;
				MACOSX_DEPLOYMENT_TARGET = 10.11;
				MTL_ENABLE_DEBUG_INFO = NO;
				SDKROOT = macosx;
			};
			name = Release;
		};
		B9D15B691E6FA34200740848 /* Debug */ = {
			isa = XCBuildConfiguration;
			buildSettings = {
				PRODUCT_NAME = "$(TARGET_NAME)";
			};
			name = Debug;
		};
		B9D15B6A1E6FA34200740848 /* Release */ = {
			isa = XCBuildConfiguration;
			buildSettings = {
				PRODUCT_NAME = "$(TARGET_NAME)";
			};
			name = Release;
		};
/* End XCBuildConfiguration section */

/* Begin XCConfigurationList section */
		B9D15B5C1E6FA34200740848 /* Build configuration list for PBXProject "Homework 4" */ = {
			isa = XCConfigurationList;
			buildConfigurations = (
				B9D15B661E6FA34200740848 /* Debug */,
				B9D15B671E6FA34200740848 /* Release */,
			);
			defaultConfigurationIsVisible = 0;
			defaultConfigurationName = Release;
		};
		B9D15B681E6FA34200740848 /* Build configuration list for PBXNativeTarget "Homework 4" */ = {
			isa = XCConfigurationList;
			buildConfigurations = (
				B9D15B691E6FA34200740848 /* Debug */,
				B9D15B6A1E6FA34200740848 /* Release */,
			);
			defaultConfigurationIsVisible = 0;
		};
/* End XCConfigurationList section */
	};
	rootObject = B9D15B591E6FA34200740848 /* Project object */;
}
